// !$*UTF8*$!
{
	archiveVersion = 1;
	classes = {
	};
	objectVersion = 56;
	objects = {

/* Begin PBXBuildFile section */
		ED109CA42A77F5AF0057C32C /* App.xcframework in Frameworks */ = {isa = PBXBuildFile; fileRef = EDA0FE632A74754800439555 /* App.xcframework */; };
		ED109CA52A77F5AF0057C32C /* App.xcframework in Embed Frameworks */ = {isa = PBXBuildFile; fileRef = EDA0FE632A74754800439555 /* App.xcframework */; settings = {ATTRIBUTES = (CodeSignOnCopy, RemoveHeadersOnCopy, ); }; };
		ED109CA72A77F5B00057C32C /* Flutter.xcframework in Frameworks */ = {isa = PBXBuildFile; fileRef = EDA0FE642A74754800439555 /* Flutter.xcframework */; };
		ED109CA82A77F5B00057C32C /* Flutter.xcframework in Embed Frameworks */ = {isa = PBXBuildFile; fileRef = EDA0FE642A74754800439555 /* Flutter.xcframework */; settings = {ATTRIBUTES = (CodeSignOnCopy, RemoveHeadersOnCopy, ); }; };
		EDA0FE4F2A746CF200439555 /* AppDelegate.swift in Sources */ = {isa = PBXBuildFile; fileRef = EDA0FE4E2A746CF200439555 /* AppDelegate.swift */; };
		EDA0FE512A746CF200439555 /* SceneDelegate.swift in Sources */ = {isa = PBXBuildFile; fileRef = EDA0FE502A746CF200439555 /* SceneDelegate.swift */; };
		EDA0FE532A746CF200439555 /* ViewController.swift in Sources */ = {isa = PBXBuildFile; fileRef = EDA0FE522A746CF200439555 /* ViewController.swift */; };
		EDA0FE562A746CF200439555 /* Main.storyboard in Resources */ = {isa = PBXBuildFile; fileRef = EDA0FE542A746CF200439555 /* Main.storyboard */; };
		EDA0FE582A746CF300439555 /* Assets.xcassets in Resources */ = {isa = PBXBuildFile; fileRef = EDA0FE572A746CF300439555 /* Assets.xcassets */; };
		EDA0FE5B2A746CF300439555 /* LaunchScreen.storyboard in Resources */ = {isa = PBXBuildFile; fileRef = EDA0FE592A746CF300439555 /* LaunchScreen.storyboard */; };
/* End PBXBuildFile section */

/* Begin PBXCopyFilesBuildPhase section */
		ED109CA62A77F5AF0057C32C /* Embed Frameworks */ = {
			isa = PBXCopyFilesBuildPhase;
			buildActionMask = 2147483647;
			dstPath = "";
			dstSubfolderSpec = 10;
			files = (
				ED109CA82A77F5B00057C32C /* Flutter.xcframework in Embed Frameworks */,
				ED109CA52A77F5AF0057C32C /* App.xcframework in Embed Frameworks */,
			);
			name = "Embed Frameworks";
			runOnlyForDeploymentPostprocessing = 0;
		};
/* End PBXCopyFilesBuildPhase section */

/* Begin PBXFileReference section */
		EDA0FE4B2A746CF200439555 /* IosAddToAppDemo.app */ = {isa = PBXFileReference; explicitFileType = wrapper.application; includeInIndex = 0; path = IosAddToAppDemo.app; sourceTree = BUILT_PRODUCTS_DIR; };
		EDA0FE4E2A746CF200439555 /* AppDelegate.swift */ = {isa = PBXFileReference; lastKnownFileType = sourcecode.swift; path = AppDelegate.swift; sourceTree = "<group>"; };
		EDA0FE502A746CF200439555 /* SceneDelegate.swift */ = {isa = PBXFileReference; lastKnownFileType = sourcecode.swift; path = SceneDelegate.swift; sourceTree = "<group>"; };
		EDA0FE522A746CF200439555 /* ViewController.swift */ = {isa = PBXFileReference; lastKnownFileType = sourcecode.swift; path = ViewController.swift; sourceTree = "<group>"; };
		EDA0FE552A746CF200439555 /* Base */ = {isa = PBXFileReference; lastKnownFileType = file.storyboard; name = Base; path = Base.lproj/Main.storyboard; sourceTree = "<group>"; };
		EDA0FE572A746CF300439555 /* Assets.xcassets */ = {isa = PBXFileReference; lastKnownFileType = folder.assetcatalog; path = Assets.xcassets; sourceTree = "<group>"; };
		EDA0FE5A2A746CF300439555 /* Base */ = {isa = PBXFileReference; lastKnownFileType = file.storyboard; name = Base; path = Base.lproj/LaunchScreen.storyboard; sourceTree = "<group>"; };
		EDA0FE5C2A746CF300439555 /* Info.plist */ = {isa = PBXFileReference; lastKnownFileType = text.plist.xml; path = Info.plist; sourceTree = "<group>"; };
		EDA0FE632A74754800439555 /* App.xcframework */ = {isa = PBXFileReference; lastKnownFileType = wrapper.xcframework; name = App.xcframework; path = ../my_flutter_module/build/ios/framework/Release/App.xcframework; sourceTree = "<group>"; };
		EDA0FE642A74754800439555 /* Flutter.xcframework */ = {isa = PBXFileReference; lastKnownFileType = wrapper.xcframework; name = Flutter.xcframework; path = ../my_flutter_module/build/ios/framework/Release/Flutter.xcframework; sourceTree = "<group>"; };
/* End PBXFileReference section */

/* Begin PBXFrameworksBuildPhase section */
		EDA0FE482A746CF200439555 /* Frameworks */ = {
			isa = PBXFrameworksBuildPhase;
			buildActionMask = 2147483647;
			files = (
				ED109CA72A77F5B00057C32C /* Flutter.xcframework in Frameworks */,
				ED109CA42A77F5AF0057C32C /* App.xcframework in Frameworks */,
			);
			runOnlyForDeploymentPostprocessing = 0;
		};
/* End PBXFrameworksBuildPhase section */

/* Begin PBXGroup section */
		EDA0FE422A746CF200439555 = {
			isa = PBXGroup;
			children = (
				EDA0FE4D2A746CF200439555 /* IosAddToAppDemo */,
				EDA0FE4C2A746CF200439555 /* Products */,
				EDA0FE622A74754800439555 /* Frameworks */,
			);
			sourceTree = "<group>";
		};
		EDA0FE4C2A746CF200439555 /* Products */ = {
			isa = PBXGroup;
			children = (
				EDA0FE4B2A746CF200439555 /* IosAddToAppDemo.app */,
			);
			name = Products;
			sourceTree = "<group>";
		};
		EDA0FE4D2A746CF200439555 /* IosAddToAppDemo */ = {
			isa = PBXGroup;
			children = (
				EDA0FE4E2A746CF200439555 /* AppDelegate.swift */,
				EDA0FE502A746CF200439555 /* SceneDelegate.swift */,
				EDA0FE522A746CF200439555 /* ViewController.swift */,
				EDA0FE542A746CF200439555 /* Main.storyboard */,
				EDA0FE572A746CF300439555 /* Assets.xcassets */,
				EDA0FE592A746CF300439555 /* LaunchScreen.storyboard */,
				EDA0FE5C2A746CF300439555 /* Info.plist */,
			);
			path = IosAddToAppDemo;
			sourceTree = "<group>";
		};
		EDA0FE622A74754800439555 /* Frameworks */ = {
			isa = PBXGroup;
			children = (
				EDA0FE632A74754800439555 /* App.xcframework */,
				EDA0FE642A74754800439555 /* Flutter.xcframework */,
			);
			name = Frameworks;
			sourceTree = "<group>";
		};
/* End PBXGroup section */

/* Begin PBXNativeTarget section */
		EDA0FE4A2A746CF200439555 /* IosAddToAppDemo */ = {
			isa = PBXNativeTarget;
			buildConfigurationList = EDA0FE5F2A746CF300439555 /* Build configuration list for PBXNativeTarget "IosAddToAppDemo" */;
			buildPhases = (
				EDA0FE472A746CF200439555 /* Sources */,
				EDA0FE482A746CF200439555 /* Frameworks */,
				EDA0FE492A746CF200439555 /* Resources */,
				ED109CA62A77F5AF0057C32C /* Embed Frameworks */,
			);
			buildRules = (
			);
			dependencies = (
			);
			name = IosAddToAppDemo;
			productName = IosAddToAppDemo;
			productReference = EDA0FE4B2A746CF200439555 /* IosAddToAppDemo.app */;
			productType = "com.apple.product-type.application";
		};
/* End PBXNativeTarget section */

/* Begin PBXProject section */
		EDA0FE432A746CF200439555 /* Project object */ = {
			isa = PBXProject;
			attributes = {
				BuildIndependentTargetsInParallel = 1;
				LastSwiftUpdateCheck = 1430;
				LastUpgradeCheck = 1430;
				TargetAttributes = {
					EDA0FE4A2A746CF200439555 = {
						CreatedOnToolsVersion = 14.3.1;
					};
				};
			};
			buildConfigurationList = EDA0FE462A746CF200439555 /* Build configuration list for PBXProject "IosAddToAppDemo" */;
			compatibilityVersion = "Xcode 14.0";
			developmentRegion = en;
			hasScannedForEncodings = 0;
			knownRegions = (
				en,
				Base,
			);
			mainGroup = EDA0FE422A746CF200439555;
			productRefGroup = EDA0FE4C2A746CF200439555 /* Products */;
			projectDirPath = "";
			projectRoot = "";
			targets = (
				EDA0FE4A2A746CF200439555 /* IosAddToAppDemo */,
			);
		};
/* End PBXProject section */

/* Begin PBXResourcesBuildPhase section */
		EDA0FE492A746CF200439555 /* Resources */ = {
			isa = PBXResourcesBuildPhase;
			buildActionMask = 2147483647;
			files = (
				EDA0FE5B2A746CF300439555 /* LaunchScreen.storyboard in Resources */,
				EDA0FE582A746CF300439555 /* Assets.xcassets in Resources */,
				EDA0FE562A746CF200439555 /* Main.storyboard in Resources */,
			);
			runOnlyForDeploymentPostprocessing = 0;
		};
/* End PBXResourcesBuildPhase section */

/* Begin PBXSourcesBuildPhase section */
		EDA0FE472A746CF200439555 /* Sources */ = {
			isa = PBXSourcesBuildPhase;
			buildActionMask = 2147483647;
			files = (
				EDA0FE532A746CF200439555 /* ViewController.swift in Sources */,
				EDA0FE4F2A746CF200439555 /* AppDelegate.swift in Sources */,
				EDA0FE512A746CF200439555 /* SceneDelegate.swift in Sources */,
			);
			runOnlyForDeploymentPostprocessing = 0;
		};
/* End PBXSourcesBuildPhase section */

/* Begin PBXVariantGroup section */
		EDA0FE542A746CF200439555 /* Main.storyboard */ = {
			isa = PBXVariantGroup;
			children = (
				EDA0FE552A746CF200439555 /* Base */,
			);
			name = Main.storyboard;
			sourceTree = "<group>";
		};
		EDA0FE592A746CF300439555 /* LaunchScreen.storyboard */ = {
			isa = PBXVariantGroup;
			children = (
				EDA0FE5A2A746CF300439555 /* Base */,
			);
			name = LaunchScreen.storyboard;
			sourceTree = "<group>";
		};
/* End PBXVariantGroup section */

/* Begin XCBuildConfiguration section */
		EDA0FE5D2A746CF300439555 /* Debug */ = {
			isa = XCBuildConfiguration;
			buildSettings = {
				ALWAYS_SEARCH_USER_PATHS = NO;
				CLANG_ANALYZER_NONNULL = YES;
				CLANG_ANALYZER_NUMBER_OBJECT_CONVERSION = YES_AGGRESSIVE;
				CLANG_CXX_LANGUAGE_STANDARD = "gnu++20";
				CLANG_ENABLE_MODULES = YES;
				CLANG_ENABLE_OBJC_ARC = YES;
				CLANG_ENABLE_OBJC_WEAK = YES;
				CLANG_WARN_BLOCK_CAPTURE_AUTORELEASING = YES;
				CLANG_WARN_BOOL_CONVERSION = YES;
				CLANG_WARN_COMMA = YES;
				CLANG_WARN_CONSTANT_CONVERSION = YES;
				CLANG_WARN_DEPRECATED_OBJC_IMPLEMENTATIONS = YES;
				CLANG_WARN_DIRECT_OBJC_ISA_USAGE = YES_ERROR;
				CLANG_WARN_DOCUMENTATION_COMMENTS = YES;
				CLANG_WARN_EMPTY_BODY = YES;
				CLANG_WARN_ENUM_CONVERSION = YES;
				CLANG_WARN_INFINITE_RECURSION = YES;
				CLANG_WARN_INT_CONVERSION = YES;
				CLANG_WARN_NON_LITERAL_NULL_CONVERSION = YES;
				CLANG_WARN_OBJC_IMPLICIT_RETAIN_SELF = YES;
				CLANG_WARN_OBJC_LITERAL_CONVERSION = YES;
				CLANG_WARN_OBJC_ROOT_CLASS = YES_ERROR;
				CLANG_WARN_QUOTED_INCLUDE_IN_FRAMEWORK_HEADER = YES;
				CLANG_WARN_RANGE_LOOP_ANALYSIS = YES;
				CLANG_WARN_STRICT_PROTOTYPES = YES;
				CLANG_WARN_SUSPICIOUS_MOVE = YES;
				CLANG_WARN_UNGUARDED_AVAILABILITY = YES_AGGRESSIVE;
				CLANG_WARN_UNREACHABLE_CODE = YES;
				CLANG_WARN__DUPLICATE_METHOD_MATCH = YES;
				COPY_PHASE_STRIP = NO;
				DEBUG_INFORMATION_FORMAT = dwarf;
				ENABLE_STRICT_OBJC_MSGSEND = YES;
				ENABLE_TESTABILITY = YES;
				FRAMEWORK_SEARCH_PATHS = "$(PROJECT_DIR)/../my_flutter_module/build/ios/framework/Release";
				GCC_C_LANGUAGE_STANDARD = gnu11;
				GCC_DYNAMIC_NO_PIC = NO;
				GCC_NO_COMMON_BLOCKS = YES;
				GCC_OPTIMIZATION_LEVEL = 0;
				GCC_PREPROCESSOR_DEFINITIONS = (
					"DEBUG=1",
					"$(inherited)",
				);
				GCC_WARN_64_TO_32_BIT_CONVERSION = YES;
				GCC_WARN_ABOUT_RETURN_TYPE = YES_ERROR;
				GCC_WARN_UNDECLARED_SELECTOR = YES;
				GCC_WARN_UNINITIALIZED_AUTOS = YES_AGGRESSIVE;
				GCC_WARN_UNUSED_FUNCTION = YES;
				GCC_WARN_UNUSED_VARIABLE = YES;
				IPHONEOS_DEPLOYMENT_TARGET = 16.4;
				MTL_ENABLE_DEBUG_INFO = INCLUDE_SOURCE;
				MTL_FAST_MATH = YES;
				ONLY_ACTIVE_ARCH = YES;
				SDKROOT = iphoneos;
				SWIFT_ACTIVE_COMPILATION_CONDITIONS = DEBUG;
				SWIFT_OPTIMIZATION_LEVEL = "-Onone";
			};
			name = Debug;
		};
		EDA0FE5E2A746CF300439555 /* Release */ = {
			isa = XCBuildConfiguration;
			buildSettings = {
				ALWAYS_SEARCH_USER_PATHS = NO;
				CLANG_ANALYZER_NONNULL = YES;
				CLANG_ANALYZER_NUMBER_OBJECT_CONVERSION = YES_AGGRESSIVE;
				CLANG_CXX_LANGUAGE_STANDARD = "gnu++20";
				CLANG_ENABLE_MODULES = YES;
				CLANG_ENABLE_OBJC_ARC = YES;
				CLANG_ENABLE_OBJC_WEAK = YES;
				CLANG_WARN_BLOCK_CAPTURE_AUTORELEASING = YES;
				CLANG_WARN_BOOL_CONVERSION = YES;
				CLANG_WARN_COMMA = YES;
				CLANG_WARN_CONSTANT_CONVERSION = YES;
				CLANG_WARN_DEPRECATED_OBJC_IMPLEMENTATIONS = YES;
				CLANG_WARN_DIRECT_OBJC_ISA_USAGE = YES_ERROR;
				CLANG_WARN_DOCUMENTATION_COMMENTS = YES;
				CLANG_WARN_EMPTY_BODY = YES;
				CLANG_WARN_ENUM_CONVERSION = YES;
				CLANG_WARN_INFINITE_RECURSION = YES;
				CLANG_WARN_INT_CONVERSION = YES;
				CLANG_WARN_NON_LITERAL_NULL_CONVERSION = YES;
				CLANG_WARN_OBJC_IMPLICIT_RETAIN_SELF = YES;
				CLANG_WARN_OBJC_LITERAL_CONVERSION = YES;
				CLANG_WARN_OBJC_ROOT_CLASS = YES_ERROR;
				CLANG_WARN_QUOTED_INCLUDE_IN_FRAMEWORK_HEADER = YES;
				CLANG_WARN_RANGE_LOOP_ANALYSIS = YES;
				CLANG_WARN_STRICT_PROTOTYPES = YES;
				CLANG_WARN_SUSPICIOUS_MOVE = YES;
				CLANG_WARN_UNGUARDED_AVAILABILITY = YES_AGGRESSIVE;
				CLANG_WARN_UNREACHABLE_CODE = YES;
				CLANG_WARN__DUPLICATE_METHOD_MATCH = YES;
				COPY_PHASE_STRIP = NO;
				DEBUG_INFORMATION_FORMAT = "dwarf-with-dsym";
				ENABLE_NS_ASSERTIONS = NO;
				ENABLE_STRICT_OBJC_MSGSEND = YES;
				FRAMEWORK_SEARCH_PATHS = "$(PROJECT_DIR)/../my_flutter_module/build/ios/framework/Release";
				GCC_C_LANGUAGE_STANDARD = gnu11;
				GCC_NO_COMMON_BLOCKS = YES;
				GCC_WARN_64_TO_32_BIT_CONVERSION = YES;
				GCC_WARN_ABOUT_RETURN_TYPE = YES_ERROR;
				GCC_WARN_UNDECLARED_SELECTOR = YES;
				GCC_WARN_UNINITIALIZED_AUTOS = YES_AGGRESSIVE;
				GCC_WARN_UNUSED_FUNCTION = YES;
				GCC_WARN_UNUSED_VARIABLE = YES;
				IPHONEOS_DEPLOYMENT_TARGET = 16.4;
				MTL_ENABLE_DEBUG_INFO = NO;
				MTL_FAST_MATH = YES;
				SDKROOT = iphoneos;
				SWIFT_COMPILATION_MODE = wholemodule;
				SWIFT_OPTIMIZATION_LEVEL = "-O";
				VALIDATE_PRODUCT = YES;
			};
			name = Release;
		};
		EDA0FE602A746CF300439555 /* Debug */ = {
			isa = XCBuildConfiguration;
			buildSettings = {
				ASSETCATALOG_COMPILER_APPICON_NAME = AppIcon;
				ASSETCATALOG_COMPILER_GLOBAL_ACCENT_COLOR_NAME = AccentColor;
				CODE_SIGN_STYLE = Automatic;
				CURRENT_PROJECT_VERSION = 10;
				DEVELOPMENT_TEAM = 6V53YACS2W;
				GENERATE_INFOPLIST_FILE = YES;
				INFOPLIST_FILE = IosAddToAppDemo/Info.plist;
				INFOPLIST_KEY_UIApplicationSupportsIndirectInputEvents = YES;
				INFOPLIST_KEY_UILaunchStoryboardName = LaunchScreen;
				INFOPLIST_KEY_UIMainStoryboardFile = Main;
				INFOPLIST_KEY_UISupportedInterfaceOrientations_iPad = "UIInterfaceOrientationPortrait UIInterfaceOrientationPortraitUpsideDown UIInterfaceOrientationLandscapeLeft UIInterfaceOrientationLandscapeRight";
				INFOPLIST_KEY_UISupportedInterfaceOrientations_iPhone = "UIInterfaceOrientationPortrait UIInterfaceOrientationLandscapeLeft UIInterfaceOrientationLandscapeRight";
				LD_RUNPATH_SEARCH_PATHS = (
					"$(inherited)",
					"@executable_path/Frameworks",
				);
				MARKETING_VERSION = 1.0.0;
				PRODUCT_BUNDLE_IDENTIFIER = dev.shorebird.IosAddToAppDemo;
				PRODUCT_NAME = "$(TARGET_NAME)";
				SWIFT_EMIT_LOC_STRINGS = YES;
				SWIFT_VERSION = 5.0;
				TARGETED_DEVICE_FAMILY = "1,2";
			};
			name = Debug;
		};
		EDA0FE612A746CF300439555 /* Release */ = {
			isa = XCBuildConfiguration;
			buildSettings = {
				ASSETCATALOG_COMPILER_APPICON_NAME = AppIcon;
				ASSETCATALOG_COMPILER_GLOBAL_ACCENT_COLOR_NAME = AccentColor;
				CODE_SIGN_STYLE = Automatic;
				CURRENT_PROJECT_VERSION = 10;
				DEVELOPMENT_TEAM = 6V53YACS2W;
				GENERATE_INFOPLIST_FILE = YES;
				INFOPLIST_FILE = IosAddToAppDemo/Info.plist;
				INFOPLIST_KEY_UIApplicationSupportsIndirectInputEvents = YES;
				INFOPLIST_KEY_UILaunchStoryboardName = LaunchScreen;
				INFOPLIST_KEY_UIMainStoryboardFile = Main;
				INFOPLIST_KEY_UISupportedInterfaceOrientations_iPad = "UIInterfaceOrientationPortrait UIInterfaceOrientationPortraitUpsideDown UIInterfaceOrientationLandscapeLeft UIInterfaceOrientationLandscapeRight";
				INFOPLIST_KEY_UISupportedInterfaceOrientations_iPhone = "UIInterfaceOrientationPortrait UIInterfaceOrientationLandscapeLeft UIInterfaceOrientationLandscapeRight";
				LD_RUNPATH_SEARCH_PATHS = (
					"$(inherited)",
					"@executable_path/Frameworks",
				);
				MARKETING_VERSION = 1.0.0;
				PRODUCT_BUNDLE_IDENTIFIER = dev.shorebird.IosAddToAppDemo;
				PRODUCT_NAME = "$(TARGET_NAME)";
				SWIFT_EMIT_LOC_STRINGS = YES;
				SWIFT_VERSION = 5.0;
				TARGETED_DEVICE_FAMILY = "1,2";
			};
			name = Release;
		};
/* End XCBuildConfiguration section */

/* Begin XCConfigurationList section */
		EDA0FE462A746CF200439555 /* Build configuration list for PBXProject "IosAddToAppDemo" */ = {
			isa = XCConfigurationList;
			buildConfigurations = (
				EDA0FE5D2A746CF300439555 /* Debug */,
				EDA0FE5E2A746CF300439555 /* Release */,
			);
			defaultConfigurationIsVisible = 0;
			defaultConfigurationName = Release;
		};
		EDA0FE5F2A746CF300439555 /* Build configuration list for PBXNativeTarget "IosAddToAppDemo" */ = {
			isa = XCConfigurationList;
			buildConfigurations = (
				EDA0FE602A746CF300439555 /* Debug */,
				EDA0FE612A746CF300439555 /* Release */,
			);
			defaultConfigurationIsVisible = 0;
			defaultConfigurationName = Release;
		};
/* End XCConfigurationList section */
	};
	rootObject = EDA0FE432A746CF200439555 /* Project object */;
}
